
Microsoft Visual Studio Solution File, Format Version 12.00
# Visual Studio Version 17
VisualStudioVersion = 17.8.34525.116
MinimumVisualStudioVersion = 10.0.40219.1
Project("{FAE04EC0-301F-11D3-BF4B-00C04F79EFBC}") = "Aliexpress-Backend", "Aliexpress-Backend.csproj", "{6B814DD8-8040-4447-A65C-0DF79411FA68}"
EndProject
Project("{FAE04EC0-301F-11D3-BF4B-00C04F79EFBC}") = "Application", "..\Application\Application.csproj", "{8CBB47BE-F9A2-4D08-8D29-2DDAB1326FAE}"
EndProject
Project("{FAE04EC0-301F-11D3-BF4B-00C04F79EFBC}") = "Domain", "..\Domain\Domain.csproj", "{8DFC57E1-50FD-4A78-8117-15C43B32DD3E}"
EndProject
Project("{FAE04EC0-301F-11D3-BF4B-00C04F79EFBC}") = "Infrastructure", "..\Infrastructure\Infrastructure.csproj", "{039BCE0E-AE52-48F3-A259-7D92AEFCFC1E}"
EndProject
Project("{FAE04EC0-301F-11D3-BF4B-00C04F79EFBC}") = "Shared", "..\Shared\Shared.csproj", "{7B4E5CD0-E065-4B3D-9C51-69EDD1A7E48F}"
EndProject
Global
	GlobalSection(SolutionConfigurationPlatforms) = preSolution
		Debug|Any CPU = Debug|Any CPU
		Release|Any CPU = Release|Any CPU
	EndGlobalSection
	GlobalSection(ProjectConfigurationPlatforms) = postSolution
		{6B814DD8-8040-4447-A65C-0DF79411FA68}.Debug|Any CPU.ActiveCfg = Debug|Any CPU
		{6B814DD8-8040-4447-A65C-0DF79411FA68}.Debug|Any CPU.Build.0 = Debug|Any CPU
		{6B814DD8-8040-4447-A65C-0DF79411FA68}.Release|Any CPU.ActiveCfg = Release|Any CPU
		{6B814DD8-8040-4447-A65C-0DF79411FA68}.Release|Any CPU.Build.0 = Release|Any CPU
		{8CBB47BE-F9A2-4D08-8D29-2DDAB1326FAE}.Debug|Any CPU.ActiveCfg = Debug|Any CPU
		{8CBB47BE-F9A2-4D08-8D29-2DDAB1326FAE}.Debug|Any CPU.Build.0 = Debug|Any CPU
		{8CBB47BE-F9A2-4D08-8D29-2DDAB1326FAE}.Release|Any CPU.ActiveCfg = Release|Any CPU
		{8CBB47BE-F9A2-4D08-8D29-2DDAB1326FAE}.Release|Any CPU.Build.0 = Release|Any CPU
		{8DFC57E1-50FD-4A78-8117-15C43B32DD3E}.Debug|Any CPU.ActiveCfg = Debug|Any CPU
		{8DFC57E1-50FD-4A78-8117-15C43B32DD3E}.Debug|Any CPU.Build.0 = Debug|Any CPU
		{8DFC57E1-50FD-4A78-8117-15C43B32DD3E}.Release|Any CPU.ActiveCfg = Release|Any CPU
		{8DFC57E1-50FD-4A78-8117-15C43B32DD3E}.Release|Any CPU.Build.0 = Release|Any CPU
		{039BCE0E-AE52-48F3-A259-7D92AEFCFC1E}.Debug|Any CPU.ActiveCfg = Debug|Any CPU
		{039BCE0E-AE52-48F3-A259-7D92AEFCFC1E}.Debug|Any CPU.Build.0 = Debug|Any CPU
		{039BCE0E-AE52-48F3-A259-7D92AEFCFC1E}.Release|Any CPU.ActiveCfg = Release|Any CPU
		{039BCE0E-AE52-48F3-A259-7D92AEFCFC1E}.Release|Any CPU.Build.0 = Release|Any CPU
		{7B4E5CD0-E065-4B3D-9C51-69EDD1A7E48F}.Debug|Any CPU.ActiveCfg = Debug|Any CPU
		{7B4E5CD0-E065-4B3D-9C51-69EDD1A7E48F}.Debug|Any CPU.Build.0 = Debug|Any CPU
		{7B4E5CD0-E065-4B3D-9C51-69EDD1A7E48F}.Release|Any CPU.ActiveCfg = Release|Any CPU
		{7B4E5CD0-E065-4B3D-9C51-69EDD1A7E48F}.Release|Any CPU.Build.0 = Release|Any CPU
	EndGlobalSection
	GlobalSection(SolutionProperties) = preSolution
		HideSolutionNode = FALSE
	EndGlobalSection
	GlobalSection(ExtensibilityGlobals) = postSolution
		SolutionGuid = {3565036D-451B-4B73-8C81-BAEC3D6B2B61}
	EndGlobalSection
EndGlobal
